
Microsoft Visual Studio Solution File, Format Version 12.00
# Visual Studio Version 16
VisualStudioVersion = 16.0.30114.105
MinimumVisualStudioVersion = 10.0.40219.1
Project("{FAE04EC0-301F-11D3-BF4B-00C04F79EFBC}") = "Examen", "Examen\Examen.csproj", "{D5084DD3-5C6C-4A56-BA01-7ADB0497CB09}"
EndProject
Global
	GlobalSection(SolutionConfigurationPlatforms) = preSolution
		Debug|Any CPU = Debug|Any CPU
		Release|Any CPU = Release|Any CPU
	EndGlobalSection
	GlobalSection(ProjectConfigurationPlatforms) = postSolution
		{D5084DD3-5C6C-4A56-BA01-7ADB0497CB09}.Debug|Any CPU.ActiveCfg = Debug|Any CPU
		{D5084DD3-5C6C-4A56-BA01-7ADB0497CB09}.Debug|Any CPU.Build.0 = Debug|Any CPU
		{D5084DD3-5C6C-4A56-BA01-7ADB0497CB09}.Release|Any CPU.ActiveCfg = Release|Any CPU
		{D5084DD3-5C6C-4A56-BA01-7ADB0497CB09}.Release|Any CPU.Build.0 = Release|Any CPU
	EndGlobalSection
	GlobalSection(SolutionProperties) = preSolution
		HideSolutionNode = FALSE
	EndGlobalSection
	GlobalSection(ExtensibilityGlobals) = postSolution
		SolutionGuid = {961CD579-C625-4006-B972-EF1AEF5D7E07}
	EndGlobalSection
EndGlobal
